
Microsoft Visual Studio Solution File, Format Version 11.00
# Visual Studio 2010
Project("{FAE04EC0-301F-11D3-BF4B-00C04F79EFBC}") = "Mini_Project_Final", "Assembly-CSharp-firstpass.csproj", "{9788C587-E492-E2B7-D9FE-4F3F4CE8839C}"
EndProject
Project("{FAE04EC0-301F-11D3-BF4B-00C04F79EFBC}") = "Mini_Project_Final", "Assembly-CSharp.csproj", "{5352764B-2785-5427-2714-47CC997A5C57}"
EndProject
Project("{FAE04EC0-301F-11D3-BF4B-00C04F79EFBC}") = "Mini_Project_Final", "Assembly-CSharp-Editor.csproj", "{99CE00A2-7639-81F2-3186-6FC0BEA1F4D1}"
EndProject
Global
	GlobalSection(SolutionConfigurationPlatforms) = preSolution
		Debug|Any CPU = Debug|Any CPU
		Release|Any CPU = Release|Any CPU
	EndGlobalSection
	GlobalSection(ProjectConfigurationPlatforms) = postSolution
		{9788C587-E492-E2B7-D9FE-4F3F4CE8839C}.Debug|Any CPU.ActiveCfg = Debug|Any CPU
		{9788C587-E492-E2B7-D9FE-4F3F4CE8839C}.Debug|Any CPU.Build.0 = Debug|Any CPU
		{9788C587-E492-E2B7-D9FE-4F3F4CE8839C}.Release|Any CPU.ActiveCfg = Release|Any CPU
		{9788C587-E492-E2B7-D9FE-4F3F4CE8839C}.Release|Any CPU.Build.0 = Release|Any CPU
		{5352764B-2785-5427-2714-47CC997A5C57}.Debug|Any CPU.ActiveCfg = Debug|Any CPU
		{5352764B-2785-5427-2714-47CC997A5C57}.Debug|Any CPU.Build.0 = Debug|Any CPU
		{5352764B-2785-5427-2714-47CC997A5C57}.Release|Any CPU.ActiveCfg = Release|Any CPU
		{5352764B-2785-5427-2714-47CC997A5C57}.Release|Any CPU.Build.0 = Release|Any CPU
		{99CE00A2-7639-81F2-3186-6FC0BEA1F4D1}.Debug|Any CPU.ActiveCfg = Debug|Any CPU
		{99CE00A2-7639-81F2-3186-6FC0BEA1F4D1}.Debug|Any CPU.Build.0 = Debug|Any CPU
		{99CE00A2-7639-81F2-3186-6FC0BEA1F4D1}.Release|Any CPU.ActiveCfg = Release|Any CPU
		{99CE00A2-7639-81F2-3186-6FC0BEA1F4D1}.Release|Any CPU.Build.0 = Release|Any CPU
	EndGlobalSection
	GlobalSection(SolutionProperties) = preSolution
		HideSolutionNode = FALSE
	EndGlobalSection
	GlobalSection(MonoDevelopProperties) = preSolution
		StartupItem = Assembly-CSharp.csproj
	EndGlobalSection
EndGlobal
