
Microsoft Visual Studio Solution File, Format Version 11.00
# Visual Studio 2010
Project("{FAE04EC0-301F-11D3-BF4B-00C04F79EFBC}") = "Parametric modelling of cp", "Assembly-CSharp-firstpass.csproj", "{9A57C4D7-1E68-0ABE-1052-48B41994CC4A}"
EndProject
Project("{FAE04EC0-301F-11D3-BF4B-00C04F79EFBC}") = "Parametric modelling of cp", "Assembly-CSharp.csproj", "{4B9951DC-62CC-5CEA-8060-8F751677540D}"
EndProject
Project("{FAE04EC0-301F-11D3-BF4B-00C04F79EFBC}") = "Parametric modelling of cp", "Assembly-CSharp-Editor.csproj", "{6F996476-71ED-1462-8693-0B5AF3CDDC80}"
EndProject
Global
	GlobalSection(SolutionConfigurationPlatforms) = preSolution
		Debug|Any CPU = Debug|Any CPU
		Release|Any CPU = Release|Any CPU
	EndGlobalSection
	GlobalSection(ProjectConfigurationPlatforms) = postSolution
		{9A57C4D7-1E68-0ABE-1052-48B41994CC4A}.Debug|Any CPU.ActiveCfg = Debug|Any CPU
		{9A57C4D7-1E68-0ABE-1052-48B41994CC4A}.Debug|Any CPU.Build.0 = Debug|Any CPU
		{9A57C4D7-1E68-0ABE-1052-48B41994CC4A}.Release|Any CPU.ActiveCfg = Release|Any CPU
		{9A57C4D7-1E68-0ABE-1052-48B41994CC4A}.Release|Any CPU.Build.0 = Release|Any CPU
		{4B9951DC-62CC-5CEA-8060-8F751677540D}.Debug|Any CPU.ActiveCfg = Debug|Any CPU
		{4B9951DC-62CC-5CEA-8060-8F751677540D}.Debug|Any CPU.Build.0 = Debug|Any CPU
		{4B9951DC-62CC-5CEA-8060-8F751677540D}.Release|Any CPU.ActiveCfg = Release|Any CPU
		{4B9951DC-62CC-5CEA-8060-8F751677540D}.Release|Any CPU.Build.0 = Release|Any CPU
		{6F996476-71ED-1462-8693-0B5AF3CDDC80}.Debug|Any CPU.ActiveCfg = Debug|Any CPU
		{6F996476-71ED-1462-8693-0B5AF3CDDC80}.Debug|Any CPU.Build.0 = Debug|Any CPU
		{6F996476-71ED-1462-8693-0B5AF3CDDC80}.Release|Any CPU.ActiveCfg = Release|Any CPU
		{6F996476-71ED-1462-8693-0B5AF3CDDC80}.Release|Any CPU.Build.0 = Release|Any CPU
	EndGlobalSection
	GlobalSection(SolutionProperties) = preSolution
		HideSolutionNode = FALSE
	EndGlobalSection
	GlobalSection(MonoDevelopProperties) = preSolution
		StartupItem = Assembly-CSharp.csproj
	EndGlobalSection
EndGlobal
